{
  "name": "privacyguides",
  "version": "1.0.0",
  "lockfileVersion": 2,
  "requires": true,
  "packages": {
    "": {
      "name": "privacyguides",
      "version": "1.0.0",
      "license": "ISC",
      "dependencies": {
        "@fortawesome/fontawesome-pro": "^6.0.0-beta3",
        "bootstrap": "^5.1.3",
        "mathjax": "^3.2.0"
      }
    },
    "node_modules/@fortawesome/fontawesome-pro": {
      "version": "6.0.0-beta3",
      "resolved": "https://npm.fontawesome.com/@fortawesome/fontawesome-pro/-/6.0.0-beta3/fontawesome-pro-6.0.0-beta3.tgz",
      "integrity": "sha512-HzSC707Y1iO4fSzjbqw6BZDRpF1zNm8BWaIr79qqRkUIAyNQXYb6zB1S9pM296fBBwg2e4QWtraRDZkWpN5Yrg==",
      "engines": {
        "node": ">=6"
      }
    },
    "node_modules/@popperjs/core": {
      "version": "2.10.2",
      "resolved": "https://registry.npmjs.org/@popperjs/core/-/core-2.10.2.tgz",
      "integrity": "sha512-IXf3XA7+XyN7CP9gGh/XB0UxVMlvARGEgGXLubFICsUMGz6Q+DU+i4gGlpOxTjKvXjkJDJC8YdqdKkDj9qZHEQ==",
      "peer": true,
      "funding": {
        "type": "opencollective",
        "url": "https://opencollective.com/popperjs"
      }
    },
    "node_modules/bootstrap": {
      "version": "5.1.3",
      "resolved": "https://registry.npmjs.org/bootstrap/-/bootstrap-5.1.3.tgz",
      "integrity": "sha512-fcQztozJ8jToQWXxVuEyXWW+dSo8AiXWKwiSSrKWsRB/Qt+Ewwza+JWoLKiTuQLaEPhdNAJ7+Dosc9DOIqNy7Q==",
      "funding": {
        "type": "opencollective",
        "url": "https://opencollective.com/bootstrap"
      },
      "peerDependencies": {
        "@popperjs/core": "^2.10.2"
      }
    },
    "node_modules/mathjax": {
      "version": "3.2.0",
      "resolved": "https://registry.npmjs.org/mathjax/-/mathjax-3.2.0.tgz",
      "integrity": "sha512-PL+rdYRK4Wxif+SQ94zP/L0sv6/oW/1WdQiIx0Jvn9FZaU5W9E6nlIv8liYAXBNPL2Fw/i+o/mZ1212eSzn0Cw=="
    }
  },
  "dependencies": {
    "@fortawesome/fontawesome-pro": {
      "version": "6.0.0-beta3",
      "resolved": "https://npm.fontawesome.com/@fortawesome/fontawesome-pro/-/6.0.0-beta3/fontawesome-pro-6.0.0-beta3.tgz",
      "integrity": "sha512-HzSC707Y1iO4fSzjbqw6BZDRpF1zNm8BWaIr79qqRkUIAyNQXYb6zB1S9pM296fBBwg2e4QWtraRDZkWpN5Yrg=="
    },
    "@popperjs/core": {
      "version": "2.10.2",
      "resolved": "https://registry.npmjs.org/@popperjs/core/-/core-2.10.2.tgz",
      "integrity": "sha512-IXf3XA7+XyN7CP9gGh/XB0UxVMlvARGEgGXLubFICsUMGz6Q+DU+i4gGlpOxTjKvXjkJDJC8YdqdKkDj9qZHEQ==",
      "peer": true
    },
    "bootstrap": {
      "version": "5.1.3",
      "resolved": "https://registry.npmjs.org/bootstrap/-/bootstrap-5.1.3.tgz",
      "integrity": "sha512-fcQztozJ8jToQWXxVuEyXWW+dSo8AiXWKwiSSrKWsRB/Qt+Ewwza+JWoLKiTuQLaEPhdNAJ7+Dosc9DOIqNy7Q==",
      "requires": {}
    },
    "mathjax": {
      "version": "3.2.0",
      "resolved": "https://registry.npmjs.org/mathjax/-/mathjax-3.2.0.tgz",
      "integrity": "sha512-PL+rdYRK4Wxif+SQ94zP/L0sv6/oW/1WdQiIx0Jvn9FZaU5W9E6nlIv8liYAXBNPL2Fw/i+o/mZ1212eSzn0Cw=="
    }
  }
}
